{
    "_readme": [
        "This file locks the dependencies of your project to a known state",
        "Read more about it at https://getcomposer.org/doc/01-basic-usage.md#composer-lock-the-lock-file",
        "This file is @generated automatically"
    ],
    "content-hash": "589812e608deff2e0a661733e67549b0",
    "packages": [
        {
            "name": "jnicol/standalone-phpenkoder",
            "version": "master",
            "dist": {
                "type": "zip",
                "url": "https://github.com/jnicol/standalone-phpenkoder/archive/master.zip",
                "reference": null,
                "shasum": null
            },
            "type": "library"
        }
    ],
    "packages-dev": [],
    "aliases": [],
    "minimum-stability": "dev",
    "stability-flags": {
        "jnicol/standalone-phpenkoder": 20
    },
    "prefer-stable": false,
    "prefer-lowest": false,
    "platform": [],
    "platform-dev": []
}
